
Microsoft Visual Studio Solution File, Format Version 12.00
# Visual Studio Version 17
VisualStudioVersion = 17.13.35818.85 d17.13
MinimumVisualStudioVersion = 10.0.40219.1
Project("{C9674DCB-5085-4A16-B785-4C70DD1589BD}") = "BD_STAGIN", "BD_STAGIN\BD_STAGIN.dtproj", "{CE0349E2-A263-6F55-9986-AD43C9939674}"
EndProject
Global
	GlobalSection(SolutionConfigurationPlatforms) = preSolution
		Development|Default = Development|Default
	EndGlobalSection
	GlobalSection(ProjectConfigurationPlatforms) = postSolution
		{CE0349E2-A263-6F55-9986-AD43C9939674}.Development|Default.ActiveCfg = Development
		{CE0349E2-A263-6F55-9986-AD43C9939674}.Development|Default.Build.0 = Development
	EndGlobalSection
	GlobalSection(SolutionProperties) = preSolution
		HideSolutionNode = FALSE
	EndGlobalSection
	GlobalSection(ExtensibilityGlobals) = postSolution
		SolutionGuid = {63CC78E0-CF2E-4DBB-9C08-855216B267A9}
	EndGlobalSection
EndGlobal
